<?xml version="1.0" encoding="utf-8"?>
<Project ToolsVersion="4.0" xmlns="http://schemas.microsoft.com/developer/msbuild/2003">
  <ItemGroup>
    <Filter Include="Source Files">
      <UniqueIdentifier>{4FC737F1-C7A5-4376-A066-2A32D752A2FF}</UniqueIdentifier>
      <Extensions>cpp;c;cc;cxx;def;odl;idl;hpj;bat;asm;asmx</Extensions>
    </Filter>
    <Filter Include="Header Files">
      <UniqueIdentifier>{93995380-89BD-4b04-88EB-625FBE52EBFB}</UniqueIdentifier>
      <Extensions>h;hpp;hxx;hm;inl;inc;xsd</Extensions>
    </Filter>
    <Filter Include="Source Files\Model">
      <UniqueIdentifier>{a9a18f89-387c-4d07-9595-fd71ef45f4d9}</UniqueIdentifier>
    </Filter>
    <Filter Include="Source Files\Services">
      <UniqueIdentifier>{67a75b0f-a417-4e56-9bdc-c5d519548900}</UniqueIdentifier>
    </Filter>
    <Filter Include="Header Files\Model">
      <UniqueIdentifier>{cb7b0f1f-788f-4168-ada6-fcfe08823fa3}</UniqueIdentifier>
    </Filter>
    <Filter Include="Header Files\Services">
      <UniqueIdentifier>{ee380e5d-62ab-4cbc-87bb-d5e8895f9202}</UniqueIdentifier>
    </Filter>
    <Filter Include="Header Files\Agents">
      <UniqueIdentifier>{74d8494e-14fd-400c-a39e-80b839167a4a}</UniqueIdentifier>
    </Filter>
    <Filter Include="Source Files\Agents">
      <UniqueIdentifier>{4ad32014-314c-4f93-a139-ca40d48a4145}</UniqueIdentifier>
    </Filter>
  </ItemGroup>
  <ItemGroup>
    <ClInclude Include="stdafx.h">
      <Filter>Header Files</Filter>
    </ClInclude>
    <ClInclude Include="..\WebServerInterface\Model\CORSConfiguration.h">
      <Filter>Header Files\Model</Filter>
    </ClInclude>
    <ClInclude Include="..\WebServerInterface\Model\Reply.h">
      <Filter>Header Files\Model</Filter>
    </ClInclude>
    <ClInclude Include="..\WebServerInterface\Model\Request.h">
      <Filter>Header Files\Model</Filter>
    </ClInclude>
    <ClInclude Include="..\WebServerInterface\Model\Configuration.h">
      <Filter>Header Files\Model</Filter>
    </ClInclude>
    <ClInclude Include="WebServer.h">
      <Filter>Header Files</Filter>
    </ClInclude>
    <ClInclude Include="Model\WebServicesMgr.h">
      <Filter>Header Files\Model</Filter>
    </ClInclude>
    <ClInclude Include="Connection.h">
      <Filter>Header Files</Filter>
    </ClInclude>
    <ClInclude Include="Agents\IRequestParserAgent.h">
      <Filter>Header Files\Agents</Filter>
    </ClInclude>
    <ClInclude Include="Agents\RequestParserAgent.h">
      <Filter>Header Files\Agents</Filter>
    </ClInclude>
    <ClInclude Include="Services\IRequestHandlingService.h">
      <Filter>Header Files\Services</Filter>
    </ClInclude>
    <ClInclude Include="Services\RequestHandlingService.h">
      <Filter>Header Files\Services</Filter>
    </ClInclude>
    <ClInclude Include="Services\IRequestURIParserService.h">
      <Filter>Header Files\Services</Filter>
    </ClInclude>
    <ClInclude Include="Services\RequestURIParserService.h">
      <Filter>Header Files\Services</Filter>
    </ClInclude>
    <ClInclude Include="Services\IReplyBufferBuilderService.h">
      <Filter>Header Files\Services</Filter>
    </ClInclude>
    <ClInclude Include="Services\ReplyBufferBuilderService.h">
      <Filter>Header Files\Services</Filter>
    </ClInclude>
    <ClInclude Include="..\WebServerInterface\Model\RequestQueryStrings.h">
      <Filter>Header Files\Model</Filter>
    </ClInclude>
  </ItemGroup>
  <ItemGroup>
    <ClCompile Include="stdafx.cpp">
      <Filter>Source Files</Filter>
    </ClCompile>
    <ClCompile Include="..\WebServerInterface\Model\CORSConfiguration.cpp">
      <Filter>Source Files\Model</Filter>
    </ClCompile>
    <ClCompile Include="..\WebServerInterface\Model\Reply.cpp">
      <Filter>Source Files\Model</Filter>
    </ClCompile>
    <ClCompile Include="..\WebServerInterface\Model\Request.cpp">
      <Filter>Source Files\Model</Filter>
    </ClCompile>
    <ClCompile Include="..\WebServerInterface\Model\Configuration.cpp">
      <Filter>Source Files\Model</Filter>
    </ClCompile>
    <ClCompile Include="WebServer.cpp">
      <Filter>Source Files</Filter>
    </ClCompile>
    <ClCompile Include="Model\WebServicesMgr.cpp">
      <Filter>Source Files\Model</Filter>
    </ClCompile>
    <ClCompile Include="Connection.cpp">
      <Filter>Source Files</Filter>
    </ClCompile>
    <ClCompile Include="Agents\RequestParserAgent.cpp">
      <Filter>Source Files\Agents</Filter>
    </ClCompile>
    <ClCompile Include="Services\RequestHandlingService.cpp">
      <Filter>Source Files\Services</Filter>
    </ClCompile>
    <ClCompile Include="Services\RequestURIParserService.cpp">
      <Filter>Source Files\Services</Filter>
    </ClCompile>
    <ClCompile Include="Services\ReplyBufferBuilderService.cpp">
      <Filter>Source Files\Services</Filter>
    </ClCompile>
    <ClCompile Include="..\WebServerInterface\Model\RequestQueryStrings.cpp">
      <Filter>Source Files\Model</Filter>
    </ClCompile>
  </ItemGroup>
</Project>