<?xml version="1.0" encoding="utf-8"?>
<Project ToolsVersion="4.0" xmlns="http://schemas.microsoft.com/developer/msbuild/2003">
  <ItemGroup>
    <Filter Include="Source Files">
      <UniqueIdentifier>{4FC737F1-C7A5-4376-A066-2A32D752A2FF}</UniqueIdentifier>
      <Extensions>cpp;c;cc;cxx;def;odl;idl;hpj;bat;asm;asmx</Extensions>
    </Filter>
    <Filter Include="Header Files">
      <UniqueIdentifier>{93995380-89BD-4b04-88EB-625FBE52EBFB}</UniqueIdentifier>
      <Extensions>h;hpp;hxx;hm;inl;inc;xsd</Extensions>
    </Filter>
    <Filter Include="Header Files\Model">
      <UniqueIdentifier>{93b500b9-ae2d-4628-a111-92b4176d69b9}</UniqueIdentifier>
    </Filter>
    <Filter Include="Source Files\Model">
      <UniqueIdentifier>{8bc173ba-f81e-45db-aa5f-f7ca4b79101d}</UniqueIdentifier>
    </Filter>
    <Filter Include="Source Files\DAL">
      <UniqueIdentifier>{5e2b0055-5bca-4af4-b931-56ca3134d625}</UniqueIdentifier>
    </Filter>
    <Filter Include="Source Files\DAL\Translators">
      <UniqueIdentifier>{6de84a79-fa37-4514-ba06-b4f7a4a9085d}</UniqueIdentifier>
    </Filter>
    <Filter Include="Source Files\DAL\Translators\Db">
      <UniqueIdentifier>{2e453f45-231a-441c-819e-2f50d97b9e80}</UniqueIdentifier>
    </Filter>
    <Filter Include="Source Files\DAL\Translators\JSON">
      <UniqueIdentifier>{02aa6838-257b-4279-8fe1-c513a21de8ec}</UniqueIdentifier>
    </Filter>
    <Filter Include="Header Files\DAL">
      <UniqueIdentifier>{267c3c21-cfb7-4791-b19f-ed7723f111fa}</UniqueIdentifier>
    </Filter>
    <Filter Include="Header Files\DAL\Translators">
      <UniqueIdentifier>{2ef5d54a-541a-4ab2-a73b-1bd432382bbc}</UniqueIdentifier>
    </Filter>
    <Filter Include="Header Files\DAL\Translators\Db">
      <UniqueIdentifier>{ccb3a0b7-392d-4522-9fbd-005a8d52fbd2}</UniqueIdentifier>
    </Filter>
    <Filter Include="Header Files\DAL\Translators\JSON">
      <UniqueIdentifier>{fde75365-21aa-435e-8d83-087b62d7b270}</UniqueIdentifier>
    </Filter>
    <Filter Include="Source Files\Services">
      <UniqueIdentifier>{c4db2814-56a8-4a8c-939a-5e81f8141549}</UniqueIdentifier>
    </Filter>
    <Filter Include="Source Files\DAL\DAO">
      <UniqueIdentifier>{fa77c2f5-a76d-41ed-b7b3-377cf5900ee5}</UniqueIdentifier>
    </Filter>
    <Filter Include="Source Files\DAL\DAO\Db">
      <UniqueIdentifier>{fcc7bf8a-53ad-41fd-bd0e-e63a4da02d62}</UniqueIdentifier>
    </Filter>
    <Filter Include="Header Files\DAL\DAO">
      <UniqueIdentifier>{9acd9eaf-3112-4a56-a3fb-42ce0e0aa46b}</UniqueIdentifier>
    </Filter>
    <Filter Include="Header Files\DAL\DAO\Db">
      <UniqueIdentifier>{3f17d170-643e-47eb-ba78-e1ce6e17566e}</UniqueIdentifier>
    </Filter>
    <Filter Include="Source Files\REST">
      <UniqueIdentifier>{72c56a9f-8723-4049-adbf-163bb04caeb4}</UniqueIdentifier>
    </Filter>
    <Filter Include="Header Files\REST">
      <UniqueIdentifier>{8df3a61a-ab88-4781-9b13-55015b989388}</UniqueIdentifier>
    </Filter>
    <Filter Include="Header Files\REST\Router">
      <UniqueIdentifier>{1b0e3e1d-ca9b-4f86-86fe-097620c92b93}</UniqueIdentifier>
    </Filter>
    <Filter Include="Source Files\REST\Router">
      <UniqueIdentifier>{27398ad9-041c-417b-a92d-b57e7990e843}</UniqueIdentifier>
    </Filter>
    <Filter Include="Source Files\REST\Endpoints">
      <UniqueIdentifier>{1df0e980-bdfb-4288-94da-9773490e7f10}</UniqueIdentifier>
    </Filter>
    <Filter Include="Header Files\REST\Endpoints">
      <UniqueIdentifier>{e77bc26a-50c9-4a7e-a4d1-bdfcc8f8d11d}</UniqueIdentifier>
    </Filter>
    <Filter Include="Source Files\REST\Helpers">
      <UniqueIdentifier>{cb010298-e12f-4292-a99b-b36361f91aa8}</UniqueIdentifier>
    </Filter>
    <Filter Include="Header Files\REST\Helpers">
      <UniqueIdentifier>{18e8b717-a75b-4a44-a014-ab132e23eb9d}</UniqueIdentifier>
    </Filter>
    <Filter Include="Header Files\REST\Endpoints\Users">
      <UniqueIdentifier>{870ae9e9-cffc-4987-956f-21c026948b6c}</UniqueIdentifier>
    </Filter>
    <Filter Include="Header Files\REST\Endpoints\Patients">
      <UniqueIdentifier>{d90f643c-74e1-4177-b83b-b39d8d52830f}</UniqueIdentifier>
    </Filter>
    <Filter Include="Source Files\REST\Endpoints\Users">
      <UniqueIdentifier>{ac43098b-8f09-4f02-a60d-74a5e2bbe9ba}</UniqueIdentifier>
    </Filter>
    <Filter Include="Source Files\REST\Endpoints\Patients">
      <UniqueIdentifier>{0f644a6a-4bf2-42d6-a7ed-5d776e775f07}</UniqueIdentifier>
    </Filter>
    <Filter Include="Header Files\Services">
      <UniqueIdentifier>{d0bf94bc-d4d1-4bb2-ba8a-a83eb71a0e55}</UniqueIdentifier>
    </Filter>
    <Filter Include="Header Files\Services\Model">
      <UniqueIdentifier>{f4972e3d-95ba-4adc-9645-a35cf0f53375}</UniqueIdentifier>
    </Filter>
    <Filter Include="Header Files\Services\Security">
      <UniqueIdentifier>{727f6f70-8965-4acb-822b-027756d7045d}</UniqueIdentifier>
    </Filter>
    <Filter Include="Source Files\Services\Model">
      <UniqueIdentifier>{33471cbb-8057-4cbe-a970-d1d29d446902}</UniqueIdentifier>
    </Filter>
    <Filter Include="Source Files\Services\Security">
      <UniqueIdentifier>{db525bbf-7b46-4506-9b86-1956ff14c41a}</UniqueIdentifier>
    </Filter>
    <Filter Include="Source Files\Services\System">
      <UniqueIdentifier>{fe341989-42fb-4e41-8753-17b9e9b27f42}</UniqueIdentifier>
    </Filter>
    <Filter Include="Header Files\Services\System">
      <UniqueIdentifier>{9e1f5966-c982-4c5c-b19f-3b3575296283}</UniqueIdentifier>
    </Filter>
    <Filter Include="Source Files\Services\Validator">
      <UniqueIdentifier>{0c22ca42-ea41-4029-b956-18c87412cba1}</UniqueIdentifier>
    </Filter>
    <Filter Include="Header Files\Services\Validator">
      <UniqueIdentifier>{8b606afb-eaf4-48b1-96a0-3ca12d888ce9}</UniqueIdentifier>
    </Filter>
    <Filter Include="Resource Files">
      <UniqueIdentifier>{ebdacb9c-b067-476b-bd07-dfb82a410343}</UniqueIdentifier>
    </Filter>
    <Filter Include="Resource Files\JSONSchemas">
      <UniqueIdentifier>{62308550-e7a6-4f38-b875-a3f794e43b9f}</UniqueIdentifier>
    </Filter>
    <Filter Include="Resource Files\JSONSchemas\Endpoint">
      <UniqueIdentifier>{b16c0e90-7da1-4915-8381-0392aecb03d2}</UniqueIdentifier>
    </Filter>
    <Filter Include="Resource Files\JSONSchemas\Model">
      <UniqueIdentifier>{b991216d-4e0d-41bb-b7ea-d7bf798966fd}</UniqueIdentifier>
    </Filter>
  </ItemGroup>
  <ItemGroup>
    <ClInclude Include="Stdafx.h">
      <Filter>Header Files</Filter>
    </ClInclude>
    <ClInclude Include="Core.h">
      <Filter>Header Files</Filter>
    </ClInclude>
    <ClInclude Include="Model\Model.h">
      <Filter>Header Files\Model</Filter>
    </ClInclude>
    <ClInclude Include="Model\Patient.h">
      <Filter>Header Files\Model</Filter>
    </ClInclude>
    <ClInclude Include="Model\Address.h">
      <Filter>Header Files\Model</Filter>
    </ClInclude>
    <ClInclude Include="Model\EntityMgr.h">
      <Filter>Header Files\Model</Filter>
    </ClInclude>
    <ClInclude Include="DAL\Translators\Db\PatientDbTranslator.h">
      <Filter>Header Files\DAL\Translators\Db</Filter>
    </ClInclude>
    <ClInclude Include="DAL\Translators\Db\IDatabaseEntityTranslator.h">
      <Filter>Header Files\DAL\Translators\Db</Filter>
    </ClInclude>
    <ClInclude Include="DAL\Translators\Db\AddressDbTranslator.h">
      <Filter>Header Files\DAL\Translators\Db</Filter>
    </ClInclude>
    <ClInclude Include="DAL\Translators\Db\DbTranslatorsFactory.h">
      <Filter>Header Files\DAL\Translators\Db</Filter>
    </ClInclude>
    <ClInclude Include="DAL\Translators\Db\IDbTranslatorsFactory.h">
      <Filter>Header Files\DAL\Translators\Db</Filter>
    </ClInclude>
    <ClInclude Include="DAL\DAO\Db\PatientDbLoadDAO.h">
      <Filter>Header Files\DAL\DAO\Db</Filter>
    </ClInclude>
    <ClInclude Include="DAL\DAO\Db\PatientDbSaveDAO.h">
      <Filter>Header Files\DAL\DAO\Db</Filter>
    </ClInclude>
    <ClInclude Include="DAL\DAO\ISaveDAO.h">
      <Filter>Header Files\DAL\DAO</Filter>
    </ClInclude>
    <ClInclude Include="DAL\DAO\ILoadDAO.h">
      <Filter>Header Files\DAL\DAO</Filter>
    </ClInclude>
    <ClInclude Include="DAL\DAO\Db\DbTransactionDAO.h">
      <Filter>Header Files\DAL\DAO\Db</Filter>
    </ClInclude>
    <ClInclude Include="DAL\DAO\ITransactionDAOMgr.h">
      <Filter>Header Files\DAL\DAO</Filter>
    </ClInclude>
    <ClInclude Include="DAL\DAO\ITransactionDAO.h">
      <Filter>Header Files\DAL\DAO</Filter>
    </ClInclude>
    <ClInclude Include="DAL\DAO\Db\DbDAOFactory.h">
      <Filter>Header Files\DAL\DAO\Db</Filter>
    </ClInclude>
    <ClInclude Include="DAL\DAO\Db\IDbDAOFactory.h">
      <Filter>Header Files\DAL\DAO\Db</Filter>
    </ClInclude>
    <ClInclude Include="REST\RESTAPIWebService.h">
      <Filter>Header Files\REST</Filter>
    </ClInclude>
    <ClInclude Include="REST\Router\RouteParam.h">
      <Filter>Header Files\REST\Router</Filter>
    </ClInclude>
    <ClInclude Include="REST\Router\Router.h">
      <Filter>Header Files\REST\Router</Filter>
    </ClInclude>
    <ClInclude Include="REST\Router\Route.h">
      <Filter>Header Files\REST\Router</Filter>
    </ClInclude>
    <ClInclude Include="REST\Router\RouteFragment.h">
      <Filter>Header Files\REST\Router</Filter>
    </ClInclude>
    <ClInclude Include="REST\Endpoints\IEndpoint.h">
      <Filter>Header Files\REST\Endpoints</Filter>
    </ClInclude>
    <ClInclude Include="REST\Endpoints\IEndpointsFactory.h">
      <Filter>Header Files\REST\Endpoints</Filter>
    </ClInclude>
    <ClInclude Include="REST\Endpoints\EndpointsFactory.h">
      <Filter>Header Files\REST\Endpoints</Filter>
    </ClInclude>
    <ClInclude Include="DAL\Translators\JSON\IJSONLoadTranslator.h">
      <Filter>Header Files\DAL\Translators\JSON</Filter>
    </ClInclude>
    <ClInclude Include="DAL\Translators\JSON\IJSONSaveTranslator.h">
      <Filter>Header Files\DAL\Translators\JSON</Filter>
    </ClInclude>
    <ClInclude Include="DAL\Translators\JSON\PatientJSONTranslator.h">
      <Filter>Header Files\DAL\Translators\JSON</Filter>
    </ClInclude>
    <ClInclude Include="DAL\Translators\JSON\JSONTranslatorsFactory.h">
      <Filter>Header Files\DAL\Translators\JSON</Filter>
    </ClInclude>
    <ClInclude Include="DAL\Translators\JSON\IJSONTranslatorsFactory.h">
      <Filter>Header Files\DAL\Translators\JSON</Filter>
    </ClInclude>
    <ClInclude Include="REST\Endpoints\Patients\PatientsGetEndpoint.h">
      <Filter>Header Files\REST\Endpoints\Patients</Filter>
    </ClInclude>
    <ClInclude Include="REST\Endpoints\Patients\PatientsPostEndpoint.h">
      <Filter>Header Files\REST\Endpoints\Patients</Filter>
    </ClInclude>
    <ClInclude Include="REST\Endpoints\Patients\PatientsGetAllEndpoint.h">
      <Filter>Header Files\REST\Endpoints\Patients</Filter>
    </ClInclude>
    <ClInclude Include="REST\Helpers\ReplyBuilderHelper.h">
      <Filter>Header Files\REST\Helpers</Filter>
    </ClInclude>
    <ClInclude Include="REST\Endpoints\EndpointRequestData.h">
      <Filter>Header Files\REST\Endpoints</Filter>
    </ClInclude>
    <ClInclude Include="REST\Endpoints\Patients\PatientsPutEndpoint.h">
      <Filter>Header Files\REST\Endpoints\Patients</Filter>
    </ClInclude>
    <ClInclude Include="REST\Endpoints\Patients\PatientsDeleteEndpoint.h">
      <Filter>Header Files\REST\Endpoints\Patients</Filter>
    </ClInclude>
    <ClInclude Include="Model\User.h">
      <Filter>Header Files\Model</Filter>
    </ClInclude>
    <ClInclude Include="DAL\Translators\Db\UserDbTranslator.h">
      <Filter>Header Files\DAL\Translators\Db</Filter>
    </ClInclude>
    <ClInclude Include="DAL\DAO\Db\UserDbLoadDAO.h">
      <Filter>Header Files\DAL\DAO\Db</Filter>
    </ClInclude>
    <ClInclude Include="DAL\DAO\Db\UserDbSaveDAO.h">
      <Filter>Header Files\DAL\DAO\Db</Filter>
    </ClInclude>
    <ClInclude Include="REST\Endpoints\Users\UsersLoginPostEndpoint.h">
      <Filter>Header Files\REST\Endpoints\Users</Filter>
    </ClInclude>
    <ClInclude Include="REST\Helpers\RequestURLEncodedParserHelper.h">
      <Filter>Header Files\REST\Helpers</Filter>
    </ClInclude>
    <ClInclude Include="Services\IServicesFactory.h">
      <Filter>Header Files\Services</Filter>
    </ClInclude>
    <ClInclude Include="Services\ServicesFactory.h">
      <Filter>Header Files\Services</Filter>
    </ClInclude>
    <ClInclude Include="Services\ServicesMgr.h">
      <Filter>Header Files\Services</Filter>
    </ClInclude>
    <ClInclude Include="Services\Model\IUserModelService.h">
      <Filter>Header Files\Services\Model</Filter>
    </ClInclude>
    <ClInclude Include="Services\Model\UserModelService.h">
      <Filter>Header Files\Services\Model</Filter>
    </ClInclude>
    <ClInclude Include="Services\Security\Base64EncodeService.h">
      <Filter>Header Files\Services\Security</Filter>
    </ClInclude>
    <ClInclude Include="Services\Security\IBase64EncodeService.h">
      <Filter>Header Files\Services\Security</Filter>
    </ClInclude>
    <ClInclude Include="Services\Security\ISignatureService.h">
      <Filter>Header Files\Services\Security</Filter>
    </ClInclude>
    <ClInclude Include="Services\Security\SignatureService.h">
      <Filter>Header Files\Services\Security</Filter>
    </ClInclude>
    <ClInclude Include="Services\System\ITimeService.h">
      <Filter>Header Files\Services\System</Filter>
    </ClInclude>
    <ClInclude Include="Services\System\TimeService.h">
      <Filter>Header Files\Services\System</Filter>
    </ClInclude>
    <ClInclude Include="Services\Security\JWTBuilderService.h">
      <Filter>Header Files\Services\Security</Filter>
    </ClInclude>
    <ClInclude Include="Services\Security\IJWTBuilderService.h">
      <Filter>Header Files\Services\Security</Filter>
    </ClInclude>
    <ClInclude Include="Services\Security\IJWTValidatorService.h">
      <Filter>Header Files\Services\Security</Filter>
    </ClInclude>
    <ClInclude Include="Services\Security\JWTValidatorService.h">
      <Filter>Header Files\Services\Security</Filter>
    </ClInclude>
    <ClInclude Include="Services\Security\AuthorizationValidatorService.h">
      <Filter>Header Files\Services\Security</Filter>
    </ClInclude>
    <ClInclude Include="Services\Security\IAuthorizationValidatorService.h">
      <Filter>Header Files\Services\Security</Filter>
    </ClInclude>
    <ClInclude Include="Services\System\UUIDGeneratorService.h">
      <Filter>Header Files\Services\System</Filter>
    </ClInclude>
    <ClInclude Include="Services\System\IUUIDGeneratorService.h">
      <Filter>Header Files\Services\System</Filter>
    </ClInclude>
    <ClInclude Include="Services\Validator\JSONValidatorService.h">
      <Filter>Header Files\Services\Validator</Filter>
    </ClInclude>
    <ClInclude Include="Services\System\ResourceService.h">
      <Filter>Header Files\Services\System</Filter>
    </ClInclude>
    <ClInclude Include="Services\System\IResourceService.h">
      <Filter>Header Files\Services\System</Filter>
    </ClInclude>
    <ClInclude Include="Services\Validator\IJSONValidatorService.h">
      <Filter>Header Files\Services\Validator</Filter>
    </ClInclude>
    <ClInclude Include="Resources\Resource.h">
      <Filter>Resource Files</Filter>
    </ClInclude>
    <ClInclude Include="Model\BaseEntity.h">
      <Filter>Header Files\Model</Filter>
    </ClInclude>
    <ClInclude Include="DAL\Translators\Db\BaseEntityDbTranslator.h">
      <Filter>Header Files\DAL\Translators\Db</Filter>
    </ClInclude>
  </ItemGroup>
  <ItemGroup>
    <ClCompile Include="Stdafx.cpp">
      <Filter>Source Files</Filter>
    </ClCompile>
    <ClCompile Include="Core.cpp">
      <Filter>Source Files</Filter>
    </ClCompile>
    <ClCompile Include="Model\Model.cpp">
      <Filter>Source Files\Model</Filter>
    </ClCompile>
    <ClCompile Include="Model\Patient.cpp">
      <Filter>Source Files\Model</Filter>
    </ClCompile>
    <ClCompile Include="Model\Address.cpp">
      <Filter>Source Files\Model</Filter>
    </ClCompile>
    <ClCompile Include="DAL\Translators\Db\PatientDbTranslator.cpp">
      <Filter>Source Files\DAL\Translators\Db</Filter>
    </ClCompile>
    <ClCompile Include="DAL\Translators\Db\AddressDbTranslator.cpp">
      <Filter>Source Files\DAL\Translators\Db</Filter>
    </ClCompile>
    <ClCompile Include="DAL\Translators\Db\DbTranslatorsFactory.cpp">
      <Filter>Source Files\DAL\Translators\Db</Filter>
    </ClCompile>
    <ClCompile Include="DAL\DAO\Db\PatientDbSaveDAO.cpp">
      <Filter>Source Files\DAL\DAO\Db</Filter>
    </ClCompile>
    <ClCompile Include="DAL\DAO\Db\PatientDbLoadDAO.cpp">
      <Filter>Source Files\DAL\DAO\Db</Filter>
    </ClCompile>
    <ClCompile Include="DAL\DAO\Db\DbTransactionDAO.cpp">
      <Filter>Source Files\DAL\DAO\Db</Filter>
    </ClCompile>
    <ClCompile Include="DAL\DAO\Db\DbDAOFactory.cpp">
      <Filter>Source Files\DAL\DAO\Db</Filter>
    </ClCompile>
    <ClCompile Include="REST\RESTAPIWebService.cpp">
      <Filter>Source Files\REST</Filter>
    </ClCompile>
    <ClCompile Include="REST\Router\Router.cpp">
      <Filter>Source Files\REST\Router</Filter>
    </ClCompile>
    <ClCompile Include="REST\Router\Route.cpp">
      <Filter>Source Files\REST\Router</Filter>
    </ClCompile>
    <ClCompile Include="REST\Router\RouteFragment.cpp">
      <Filter>Source Files\REST\Router</Filter>
    </ClCompile>
    <ClCompile Include="REST\Endpoints\EndpointsFactory.cpp">
      <Filter>Source Files\REST\Endpoints</Filter>
    </ClCompile>
    <ClCompile Include="DAL\Translators\JSON\PatientJSONTranslator.cpp">
      <Filter>Source Files\DAL\Translators\JSON</Filter>
    </ClCompile>
    <ClCompile Include="DAL\Translators\JSON\JSONTranslatorsFactory.cpp">
      <Filter>Source Files\DAL\Translators\JSON</Filter>
    </ClCompile>
    <ClCompile Include="REST\Endpoints\Patients\PatientsPostEndpoint.cpp">
      <Filter>Source Files\REST\Endpoints\Patients</Filter>
    </ClCompile>
    <ClCompile Include="REST\Endpoints\Patients\PatientsGetAllEndpoint.cpp">
      <Filter>Source Files\REST\Endpoints\Patients</Filter>
    </ClCompile>
    <ClCompile Include="REST\Endpoints\Patients\PatientsGetEndpoint.cpp">
      <Filter>Source Files\REST\Endpoints\Patients</Filter>
    </ClCompile>
    <ClCompile Include="REST\Helpers\ReplyBuilderHelper.cpp">
      <Filter>Source Files\REST\Helpers</Filter>
    </ClCompile>
    <ClCompile Include="REST\Endpoints\EndpointRequestData.cpp">
      <Filter>Source Files\REST\Endpoints</Filter>
    </ClCompile>
    <ClCompile Include="REST\Endpoints\Patients\PatientsPutEndpoint.cpp">
      <Filter>Source Files\REST\Endpoints\Patients</Filter>
    </ClCompile>
    <ClCompile Include="REST\Endpoints\Patients\PatientsDeleteEndpoint.cpp">
      <Filter>Source Files\REST\Endpoints\Patients</Filter>
    </ClCompile>
    <ClCompile Include="Model\User.cpp">
      <Filter>Source Files\Model</Filter>
    </ClCompile>
    <ClCompile Include="DAL\Translators\Db\UserDbTranslator.cpp">
      <Filter>Source Files\DAL\Translators\Db</Filter>
    </ClCompile>
    <ClCompile Include="DAL\DAO\Db\UserDbLoadDAO.cpp">
      <Filter>Source Files\DAL\DAO\Db</Filter>
    </ClCompile>
    <ClCompile Include="DAL\DAO\Db\UserDbSaveDAO.cpp">
      <Filter>Source Files\DAL\DAO\Db</Filter>
    </ClCompile>
    <ClCompile Include="REST\Endpoints\Users\UsersLoginPostEndpoint.cpp">
      <Filter>Source Files\REST\Endpoints\Users</Filter>
    </ClCompile>
    <ClCompile Include="REST\Helpers\RequestURLEncodedParserHelper.cpp">
      <Filter>Source Files\REST\Helpers</Filter>
    </ClCompile>
    <ClCompile Include="Services\ServicesFactory.cpp">
      <Filter>Source Files\Services</Filter>
    </ClCompile>
    <ClCompile Include="Services\ServicesMgr.cpp">
      <Filter>Source Files\Services</Filter>
    </ClCompile>
    <ClCompile Include="Services\Security\Base64EncodeService.cpp">
      <Filter>Source Files\Services\Security</Filter>
    </ClCompile>
    <ClCompile Include="Services\Model\UserModelService.cpp">
      <Filter>Source Files\Services\Model</Filter>
    </ClCompile>
    <ClCompile Include="Services\Security\SignatureService.cpp">
      <Filter>Source Files\Services\Security</Filter>
    </ClCompile>
    <ClCompile Include="Services\System\TimeService.cpp">
      <Filter>Source Files\Services\System</Filter>
    </ClCompile>
    <ClCompile Include="Services\Security\JWTBuilderService.cpp">
      <Filter>Source Files\Services\Security</Filter>
    </ClCompile>
    <ClCompile Include="Services\Security\JWTValidatorService.cpp">
      <Filter>Source Files\Services\Security</Filter>
    </ClCompile>
    <ClCompile Include="Services\Security\AuthorizationValidatorService.cpp">
      <Filter>Source Files\Services\Security</Filter>
    </ClCompile>
    <ClCompile Include="Services\System\UUIDGeneratorService.cpp">
      <Filter>Source Files\Services\System</Filter>
    </ClCompile>
    <ClCompile Include="Services\Validator\JSONValidatorService.cpp">
      <Filter>Source Files\Services\Validator</Filter>
    </ClCompile>
    <ClCompile Include="Services\System\ResourceService.cpp">
      <Filter>Source Files\Services\System</Filter>
    </ClCompile>
    <ClCompile Include="Model\BaseEntity.cpp">
      <Filter>Source Files\Model</Filter>
    </ClCompile>
    <ClCompile Include="DAL\Translators\Db\BaseEntityDbTranslator.cpp">
      <Filter>Source Files\DAL\Translators\Db</Filter>
    </ClCompile>
  </ItemGroup>
  <ItemGroup>
    <None Include="Resources\JSONSchemas\Endpoint\PatientsPutEndpoint.json">
      <Filter>Resource Files\JSONSchemas\Endpoint</Filter>
    </None>
    <None Include="Resources\JSONSchemas\Endpoint\PatientsPostEndpoint.json">
      <Filter>Resource Files\JSONSchemas\Endpoint</Filter>
    </None>
    <None Include="Resources\JSONSchemas\Model\Patient.json">
      <Filter>Resource Files\JSONSchemas\Model</Filter>
    </None>
    <None Include="Resources\JSONSchemas\Model\Address.json">
      <Filter>Resource Files\JSONSchemas\Model</Filter>
    </None>
  </ItemGroup>
  <ItemGroup>
    <ResourceCompile Include="Resources\SeedCppCore.rc">
      <Filter>Resource Files</Filter>
    </ResourceCompile>
  </ItemGroup>
</Project>